// !$*UTF8*$!
{
	archiveVersion = 1;
	classes = {
	};
	objectVersion = 56;
	objects = {

/* Begin PBXBuildFile section */
		403210632AC003900093A004 /* DayOptimizer_login_App.swift in Sources */ = {isa = PBXBuildFile; fileRef = 403210622AC003900093A004 /* DayOptimizer_login_App.swift */; };
		403210652AC003900093A004 /* ContentView.swift in Sources */ = {isa = PBXBuildFile; fileRef = 403210642AC003900093A004 /* ContentView.swift */; };
		403210672AC003910093A004 /* Assets.xcassets in Resources */ = {isa = PBXBuildFile; fileRef = 403210662AC003910093A004 /* Assets.xcassets */; };
		4032106A2AC003910093A004 /* Preview Assets.xcassets in Resources */ = {isa = PBXBuildFile; fileRef = 403210692AC003910093A004 /* Preview Assets.xcassets */; };
		403210712AC007FD0093A004 /* GoogleService-Info.plist in Resources */ = {isa = PBXBuildFile; fileRef = 403210702AC007FC0093A004 /* GoogleService-Info.plist */; };
		403210742AC00B070093A004 /* FirebaseAnalytics in Frameworks */ = {isa = PBXBuildFile; productRef = 403210732AC00B070093A004 /* FirebaseAnalytics */; };
		403210762AC00B070093A004 /* FirebaseAnalyticsSwift in Frameworks */ = {isa = PBXBuildFile; productRef = 403210752AC00B070093A004 /* FirebaseAnalyticsSwift */; };
		403210792AC00EFC0093A004 /* FirebaseAuth in Frameworks */ = {isa = PBXBuildFile; productRef = 403210782AC00EFC0093A004 /* FirebaseAuth */; };
		4032107C2AC00FDE0093A004 /* AuthenticationView.swift in Sources */ = {isa = PBXBuildFile; fileRef = 4032107B2AC00FDE0093A004 /* AuthenticationView.swift */; };
		4032107E2AC012120093A004 /* SignInEmailView.swift in Sources */ = {isa = PBXBuildFile; fileRef = 4032107D2AC012120093A004 /* SignInEmailView.swift */; };
/* End PBXBuildFile section */

/* Begin PBXFileReference section */
		4032105F2AC003900093A004 /* DayOptimizer(login).app */ = {isa = PBXFileReference; explicitFileType = wrapper.application; includeInIndex = 0; path = "DayOptimizer(login).app"; sourceTree = BUILT_PRODUCTS_DIR; };
		403210622AC003900093A004 /* DayOptimizer_login_App.swift */ = {isa = PBXFileReference; lastKnownFileType = sourcecode.swift; path = DayOptimizer_login_App.swift; sourceTree = "<group>"; };
		403210642AC003900093A004 /* ContentView.swift */ = {isa = PBXFileReference; lastKnownFileType = sourcecode.swift; path = ContentView.swift; sourceTree = "<group>"; };
		403210662AC003910093A004 /* Assets.xcassets */ = {isa = PBXFileReference; lastKnownFileType = folder.assetcatalog; path = Assets.xcassets; sourceTree = "<group>"; };
		403210692AC003910093A004 /* Preview Assets.xcassets */ = {isa = PBXFileReference; lastKnownFileType = folder.assetcatalog; path = "Preview Assets.xcassets"; sourceTree = "<group>"; };
		403210702AC007FC0093A004 /* GoogleService-Info.plist */ = {isa = PBXFileReference; fileEncoding = 4; lastKnownFileType = text.plist.xml; path = "GoogleService-Info.plist"; sourceTree = "<group>"; };
		4032107B2AC00FDE0093A004 /* AuthenticationView.swift */ = {isa = PBXFileReference; lastKnownFileType = sourcecode.swift; path = AuthenticationView.swift; sourceTree = "<group>"; };
		4032107D2AC012120093A004 /* SignInEmailView.swift */ = {isa = PBXFileReference; lastKnownFileType = sourcecode.swift; path = SignInEmailView.swift; sourceTree = "<group>"; };
/* End PBXFileReference section */

/* Begin PBXFrameworksBuildPhase section */
		4032105C2AC0038F0093A004 /* Frameworks */ = {
			isa = PBXFrameworksBuildPhase;
			buildActionMask = 2147483647;
			files = (
				403210762AC00B070093A004 /* FirebaseAnalyticsSwift in Frameworks */,
				403210792AC00EFC0093A004 /* FirebaseAuth in Frameworks */,
				403210742AC00B070093A004 /* FirebaseAnalytics in Frameworks */,
			);
			runOnlyForDeploymentPostprocessing = 0;
		};
/* End PBXFrameworksBuildPhase section */

/* Begin PBXGroup section */
		403210562AC0038F0093A004 = {
			isa = PBXGroup;
			children = (
				403210612AC003900093A004 /* DayOptimizer(login) */,
				403210602AC003900093A004 /* Products */,
				403210772AC00EFC0093A004 /* Frameworks */,
			);
			sourceTree = "<group>";
		};
		403210602AC003900093A004 /* Products */ = {
			isa = PBXGroup;
			children = (
				4032105F2AC003900093A004 /* DayOptimizer(login).app */,
			);
			name = Products;
			sourceTree = "<group>";
		};
		403210612AC003900093A004 /* DayOptimizer(login) */ = {
			isa = PBXGroup;
			children = (
				403210622AC003900093A004 /* DayOptimizer_login_App.swift */,
				403210642AC003900093A004 /* ContentView.swift */,
				4032107A2AC00F8F0093A004 /* Authentication */,
				403210702AC007FC0093A004 /* GoogleService-Info.plist */,
				403210662AC003910093A004 /* Assets.xcassets */,
				403210682AC003910093A004 /* Preview Content */,
			);
			path = "DayOptimizer(login)";
			sourceTree = "<group>";
		};
		403210682AC003910093A004 /* Preview Content */ = {
			isa = PBXGroup;
			children = (
				403210692AC003910093A004 /* Preview Assets.xcassets */,
			);
			path = "Preview Content";
			sourceTree = "<group>";
		};
		403210772AC00EFC0093A004 /* Frameworks */ = {
			isa = PBXGroup;
			children = (
			);
			name = Frameworks;
			sourceTree = "<group>";
		};
		4032107A2AC00F8F0093A004 /* Authentication */ = {
			isa = PBXGroup;
			children = (
				4032107B2AC00FDE0093A004 /* AuthenticationView.swift */,
				4032107D2AC012120093A004 /* SignInEmailView.swift */,
			);
			path = Authentication;
			sourceTree = "<group>";
		};
/* End PBXGroup section */

/* Begin PBXNativeTarget section */
		4032105E2AC0038F0093A004 /* DayOptimizer(login) */ = {
			isa = PBXNativeTarget;
			buildConfigurationList = 4032106D2AC003910093A004 /* Build configuration list for PBXNativeTarget "DayOptimizer(login)" */;
			buildPhases = (
				4032105B2AC0038F0093A004 /* Sources */,
				4032105C2AC0038F0093A004 /* Frameworks */,
				4032105D2AC0038F0093A004 /* Resources */,
			);
			buildRules = (
			);
			dependencies = (
			);
			name = "DayOptimizer(login)";
			packageProductDependencies = (
				403210732AC00B070093A004 /* FirebaseAnalytics */,
				403210752AC00B070093A004 /* FirebaseAnalyticsSwift */,
				403210782AC00EFC0093A004 /* FirebaseAuth */,
			);
			productName = "DayOptimizer(login)";
			productReference = 4032105F2AC003900093A004 /* DayOptimizer(login).app */;
			productType = "com.apple.product-type.application";
		};
/* End PBXNativeTarget section */

/* Begin PBXProject section */
		403210572AC0038F0093A004 /* Project object */ = {
			isa = PBXProject;
			attributes = {
				BuildIndependentTargetsInParallel = 1;
				LastSwiftUpdateCheck = 1420;
				LastUpgradeCheck = 1420;
				TargetAttributes = {
					4032105E2AC0038F0093A004 = {
						CreatedOnToolsVersion = 14.2;
					};
				};
			};
			buildConfigurationList = 4032105A2AC0038F0093A004 /* Build configuration list for PBXProject "DayOptimizer(login)" */;
			compatibilityVersion = "Xcode 14.0";
			developmentRegion = en;
			hasScannedForEncodings = 0;
			knownRegions = (
				en,
				Base,
			);
			mainGroup = 403210562AC0038F0093A004;
			packageReferences = (
				403210722AC00B070093A004 /* XCRemoteSwiftPackageReference "firebase-ios-sdk" */,
			);
			productRefGroup = 403210602AC003900093A004 /* Products */;
			projectDirPath = "";
			projectRoot = "";
			targets = (
				4032105E2AC0038F0093A004 /* DayOptimizer(login) */,
			);
		};
/* End PBXProject section */

/* Begin PBXResourcesBuildPhase section */
		4032105D2AC0038F0093A004 /* Resources */ = {
			isa = PBXResourcesBuildPhase;
			buildActionMask = 2147483647;
			files = (
				4032106A2AC003910093A004 /* Preview Assets.xcassets in Resources */,
				403210672AC003910093A004 /* Assets.xcassets in Resources */,
				403210712AC007FD0093A004 /* GoogleService-Info.plist in Resources */,
			);
			runOnlyForDeploymentPostprocessing = 0;
		};
/* End PBXResourcesBuildPhase section */

/* Begin PBXSourcesBuildPhase section */
		4032105B2AC0038F0093A004 /* Sources */ = {
			isa = PBXSourcesBuildPhase;
			buildActionMask = 2147483647;
			files = (
				403210652AC003900093A004 /* ContentView.swift in Sources */,
				403210632AC003900093A004 /* DayOptimizer_login_App.swift in Sources */,
				4032107C2AC00FDE0093A004 /* AuthenticationView.swift in Sources */,
				4032107E2AC012120093A004 /* SignInEmailView.swift in Sources */,
			);
			runOnlyForDeploymentPostprocessing = 0;
		};
/* End PBXSourcesBuildPhase section */

/* Begin XCBuildConfiguration section */
		4032106B2AC003910093A004 /* Debug */ = {
			isa = XCBuildConfiguration;
			buildSettings = {
				ALWAYS_SEARCH_USER_PATHS = NO;
				CLANG_ANALYZER_NONNULL = YES;
				CLANG_ANALYZER_NUMBER_OBJECT_CONVERSION = YES_AGGRESSIVE;
				CLANG_CXX_LANGUAGE_STANDARD = "gnu++20";
				CLANG_ENABLE_MODULES = YES;
				CLANG_ENABLE_OBJC_ARC = YES;
				CLANG_ENABLE_OBJC_WEAK = YES;
				CLANG_WARN_BLOCK_CAPTURE_AUTORELEASING = YES;
				CLANG_WARN_BOOL_CONVERSION = YES;
				CLANG_WARN_COMMA = YES;
				CLANG_WARN_CONSTANT_CONVERSION = YES;
				CLANG_WARN_DEPRECATED_OBJC_IMPLEMENTATIONS = YES;
				CLANG_WARN_DIRECT_OBJC_ISA_USAGE = YES_ERROR;
				CLANG_WARN_DOCUMENTATION_COMMENTS = YES;
				CLANG_WARN_EMPTY_BODY = YES;
				CLANG_WARN_ENUM_CONVERSION = YES;
				CLANG_WARN_INFINITE_RECURSION = YES;
				CLANG_WARN_INT_CONVERSION = YES;
				CLANG_WARN_NON_LITERAL_NULL_CONVERSION = YES;
				CLANG_WARN_OBJC_IMPLICIT_RETAIN_SELF = YES;
				CLANG_WARN_OBJC_LITERAL_CONVERSION = YES;
				CLANG_WARN_OBJC_ROOT_CLASS = YES_ERROR;
				CLANG_WARN_QUOTED_INCLUDE_IN_FRAMEWORK_HEADER = YES;
				CLANG_WARN_RANGE_LOOP_ANALYSIS = YES;
				CLANG_WARN_STRICT_PROTOTYPES = YES;
				CLANG_WARN_SUSPICIOUS_MOVE = YES;
				CLANG_WARN_UNGUARDED_AVAILABILITY = YES_AGGRESSIVE;
				CLANG_WARN_UNREACHABLE_CODE = YES;
				CLANG_WARN__DUPLICATE_METHOD_MATCH = YES;
				COPY_PHASE_STRIP = NO;
				DEBUG_INFORMATION_FORMAT = dwarf;
				ENABLE_STRICT_OBJC_MSGSEND = YES;
				ENABLE_TESTABILITY = YES;
				GCC_C_LANGUAGE_STANDARD = gnu11;
				GCC_DYNAMIC_NO_PIC = NO;
				GCC_NO_COMMON_BLOCKS = YES;
				GCC_OPTIMIZATION_LEVEL = 0;
				GCC_PREPROCESSOR_DEFINITIONS = (
					"DEBUG=1",
					"$(inherited)",
				);
				GCC_WARN_64_TO_32_BIT_CONVERSION = YES;
				GCC_WARN_ABOUT_RETURN_TYPE = YES_ERROR;
				GCC_WARN_UNDECLARED_SELECTOR = YES;
				GCC_WARN_UNINITIALIZED_AUTOS = YES_AGGRESSIVE;
				GCC_WARN_UNUSED_FUNCTION = YES;
				GCC_WARN_UNUSED_VARIABLE = YES;
				IPHONEOS_DEPLOYMENT_TARGET = 16.2;
				MTL_ENABLE_DEBUG_INFO = INCLUDE_SOURCE;
				MTL_FAST_MATH = YES;
				ONLY_ACTIVE_ARCH = YES;
				SDKROOT = iphoneos;
				SWIFT_ACTIVE_COMPILATION_CONDITIONS = DEBUG;
				SWIFT_OPTIMIZATION_LEVEL = "-Onone";
			};
			name = Debug;
		};
		4032106C2AC003910093A004 /* Release */ = {
			isa = XCBuildConfiguration;
			buildSettings = {
				ALWAYS_SEARCH_USER_PATHS = NO;
				CLANG_ANALYZER_NONNULL = YES;
				CLANG_ANALYZER_NUMBER_OBJECT_CONVERSION = YES_AGGRESSIVE;
				CLANG_CXX_LANGUAGE_STANDARD = "gnu++20";
				CLANG_ENABLE_MODULES = YES;
				CLANG_ENABLE_OBJC_ARC = YES;
				CLANG_ENABLE_OBJC_WEAK = YES;
				CLANG_WARN_BLOCK_CAPTURE_AUTORELEASING = YES;
				CLANG_WARN_BOOL_CONVERSION = YES;
				CLANG_WARN_COMMA = YES;
				CLANG_WARN_CONSTANT_CONVERSION = YES;
				CLANG_WARN_DEPRECATED_OBJC_IMPLEMENTATIONS = YES;
				CLANG_WARN_DIRECT_OBJC_ISA_USAGE = YES_ERROR;
				CLANG_WARN_DOCUMENTATION_COMMENTS = YES;
				CLANG_WARN_EMPTY_BODY = YES;
				CLANG_WARN_ENUM_CONVERSION = YES;
				CLANG_WARN_INFINITE_RECURSION = YES;
				CLANG_WARN_INT_CONVERSION = YES;
				CLANG_WARN_NON_LITERAL_NULL_CONVERSION = YES;
				CLANG_WARN_OBJC_IMPLICIT_RETAIN_SELF = YES;
				CLANG_WARN_OBJC_LITERAL_CONVERSION = YES;
				CLANG_WARN_OBJC_ROOT_CLASS = YES_ERROR;
				CLANG_WARN_QUOTED_INCLUDE_IN_FRAMEWORK_HEADER = YES;
				CLANG_WARN_RANGE_LOOP_ANALYSIS = YES;
				CLANG_WARN_STRICT_PROTOTYPES = YES;
				CLANG_WARN_SUSPICIOUS_MOVE = YES;
				CLANG_WARN_UNGUARDED_AVAILABILITY = YES_AGGRESSIVE;
				CLANG_WARN_UNREACHABLE_CODE = YES;
				CLANG_WARN__DUPLICATE_METHOD_MATCH = YES;
				COPY_PHASE_STRIP = NO;
				DEBUG_INFORMATION_FORMAT = "dwarf-with-dsym";
				ENABLE_NS_ASSERTIONS = NO;
				ENABLE_STRICT_OBJC_MSGSEND = YES;
				GCC_C_LANGUAGE_STANDARD = gnu11;
				GCC_NO_COMMON_BLOCKS = YES;
				GCC_WARN_64_TO_32_BIT_CONVERSION = YES;
				GCC_WARN_ABOUT_RETURN_TYPE = YES_ERROR;
				GCC_WARN_UNDECLARED_SELECTOR = YES;
				GCC_WARN_UNINITIALIZED_AUTOS = YES_AGGRESSIVE;
				GCC_WARN_UNUSED_FUNCTION = YES;
				GCC_WARN_UNUSED_VARIABLE = YES;
				IPHONEOS_DEPLOYMENT_TARGET = 16.2;
				MTL_ENABLE_DEBUG_INFO = NO;
				MTL_FAST_MATH = YES;
				SDKROOT = iphoneos;
				SWIFT_COMPILATION_MODE = wholemodule;
				SWIFT_OPTIMIZATION_LEVEL = "-O";
				VALIDATE_PRODUCT = YES;
			};
			name = Release;
		};
		4032106E2AC003910093A004 /* Debug */ = {
			isa = XCBuildConfiguration;
			buildSettings = {
				ASSETCATALOG_COMPILER_APPICON_NAME = AppIcon;
				ASSETCATALOG_COMPILER_GLOBAL_ACCENT_COLOR_NAME = AccentColor;
				CODE_SIGN_STYLE = Automatic;
				CURRENT_PROJECT_VERSION = 1;
				DEVELOPMENT_ASSET_PATHS = "\"DayOptimizer(login)/Preview Content\"";
				ENABLE_PREVIEWS = YES;
				GENERATE_INFOPLIST_FILE = YES;
				INFOPLIST_KEY_UIApplicationSceneManifest_Generation = YES;
				INFOPLIST_KEY_UIApplicationSupportsIndirectInputEvents = YES;
				INFOPLIST_KEY_UILaunchScreen_Generation = YES;
				INFOPLIST_KEY_UISupportedInterfaceOrientations_iPad = "UIInterfaceOrientationPortrait UIInterfaceOrientationPortraitUpsideDown UIInterfaceOrientationLandscapeLeft UIInterfaceOrientationLandscapeRight";
				INFOPLIST_KEY_UISupportedInterfaceOrientations_iPhone = "UIInterfaceOrientationPortrait UIInterfaceOrientationLandscapeLeft UIInterfaceOrientationLandscapeRight";
				LD_RUNPATH_SEARCH_PATHS = (
					"$(inherited)",
					"@executable_path/Frameworks",
				);
				MARKETING_VERSION = 1.0;
				PRODUCT_BUNDLE_IDENTIFIER = "com.codepalace.DayOptimizer-login-";
				PRODUCT_NAME = "$(TARGET_NAME)";
				SWIFT_EMIT_LOC_STRINGS = YES;
				SWIFT_VERSION = 5.0;
				TARGETED_DEVICE_FAMILY = "1,2";
			};
			name = Debug;
		};
		4032106F2AC003910093A004 /* Release */ = {
			isa = XCBuildConfiguration;
			buildSettings = {
				ASSETCATALOG_COMPILER_APPICON_NAME = AppIcon;
				ASSETCATALOG_COMPILER_GLOBAL_ACCENT_COLOR_NAME = AccentColor;
				CODE_SIGN_STYLE = Automatic;
				CURRENT_PROJECT_VERSION = 1;
				DEVELOPMENT_ASSET_PATHS = "\"DayOptimizer(login)/Preview Content\"";
				ENABLE_PREVIEWS = YES;
				GENERATE_INFOPLIST_FILE = YES;
				INFOPLIST_KEY_UIApplicationSceneManifest_Generation = YES;
				INFOPLIST_KEY_UIApplicationSupportsIndirectInputEvents = YES;
				INFOPLIST_KEY_UILaunchScreen_Generation = YES;
				INFOPLIST_KEY_UISupportedInterfaceOrientations_iPad = "UIInterfaceOrientationPortrait UIInterfaceOrientationPortraitUpsideDown UIInterfaceOrientationLandscapeLeft UIInterfaceOrientationLandscapeRight";
				INFOPLIST_KEY_UISupportedInterfaceOrientations_iPhone = "UIInterfaceOrientationPortrait UIInterfaceOrientationLandscapeLeft UIInterfaceOrientationLandscapeRight";
				LD_RUNPATH_SEARCH_PATHS = (
					"$(inherited)",
					"@executable_path/Frameworks",
				);
				MARKETING_VERSION = 1.0;
				PRODUCT_BUNDLE_IDENTIFIER = "com.codepalace.DayOptimizer-login-";
				PRODUCT_NAME = "$(TARGET_NAME)";
				SWIFT_EMIT_LOC_STRINGS = YES;
				SWIFT_VERSION = 5.0;
				TARGETED_DEVICE_FAMILY = "1,2";
			};
			name = Release;
		};
/* End XCBuildConfiguration section */

/* Begin XCConfigurationList section */
		4032105A2AC0038F0093A004 /* Build configuration list for PBXProject "DayOptimizer(login)" */ = {
			isa = XCConfigurationList;
			buildConfigurations = (
				4032106B2AC003910093A004 /* Debug */,
				4032106C2AC003910093A004 /* Release */,
			);
			defaultConfigurationIsVisible = 0;
			defaultConfigurationName = Release;
		};
		4032106D2AC003910093A004 /* Build configuration list for PBXNativeTarget "DayOptimizer(login)" */ = {
			isa = XCConfigurationList;
			buildConfigurations = (
				4032106E2AC003910093A004 /* Debug */,
				4032106F2AC003910093A004 /* Release */,
			);
			defaultConfigurationIsVisible = 0;
			defaultConfigurationName = Release;
		};
/* End XCConfigurationList section */

/* Begin XCRemoteSwiftPackageReference section */
		403210722AC00B070093A004 /* XCRemoteSwiftPackageReference "firebase-ios-sdk" */ = {
			isa = XCRemoteSwiftPackageReference;
			repositoryURL = "https://github.com/firebase/firebase-ios-sdk.git";
			requirement = {
				kind = exactVersion;
				version = 10.15.0;
			};
		};
/* End XCRemoteSwiftPackageReference section */

/* Begin XCSwiftPackageProductDependency section */
		403210732AC00B070093A004 /* FirebaseAnalytics */ = {
			isa = XCSwiftPackageProductDependency;
			package = 403210722AC00B070093A004 /* XCRemoteSwiftPackageReference "firebase-ios-sdk" */;
			productName = FirebaseAnalytics;
		};
		403210752AC00B070093A004 /* FirebaseAnalyticsSwift */ = {
			isa = XCSwiftPackageProductDependency;
			package = 403210722AC00B070093A004 /* XCRemoteSwiftPackageReference "firebase-ios-sdk" */;
			productName = FirebaseAnalyticsSwift;
		};
		403210782AC00EFC0093A004 /* FirebaseAuth */ = {
			isa = XCSwiftPackageProductDependency;
			package = 403210722AC00B070093A004 /* XCRemoteSwiftPackageReference "firebase-ios-sdk" */;
			productName = FirebaseAuth;
		};
/* End XCSwiftPackageProductDependency section */
	};
	rootObject = 403210572AC0038F0093A004 /* Project object */;
}
